
Microsoft Visual Studio Solution File, Format Version 12.00
# Visual Studio Version 17
VisualStudioVersion = 17.14.37314.3
MinimumVisualStudioVersion = 10.0.40219.1
Project("{FAE04EC0-301F-11D3-BF4B-00C04F79EFBC}") = "ItemDescTableModder", "ItemDescTableModder\ItemDescTableModder.csproj", "{959817BC-1C6B-45B3-A81D-7D35A2D32E69}"
EndProject
Project("{FAE04EC0-301F-11D3-BF4B-00C04F79EFBC}") = "ItemDescAnnotationTableGenerator", "ItemDescAnnotationTableGenerator\ItemDescAnnotationTableGenerator.csproj", "{B627E4B1-0791-41E9-9BCE-4CA6D69375B8}"
EndProject
Global
	GlobalSection(SolutionConfigurationPlatforms) = preSolution
		Debug|Any CPU = Debug|Any CPU
		Release|Any CPU = Release|Any CPU
	EndGlobalSection
	GlobalSection(ProjectConfigurationPlatforms) = postSolution
		{959817BC-1C6B-45B3-A81D-7D35A2D32E69}.Debug|Any CPU.ActiveCfg = Debug|Any CPU
		{959817BC-1C6B-45B3-A81D-7D35A2D32E69}.Debug|Any CPU.Build.0 = Debug|Any CPU
		{959817BC-1C6B-45B3-A81D-7D35A2D32E69}.Release|Any CPU.ActiveCfg = Release|Any CPU
		{959817BC-1C6B-45B3-A81D-7D35A2D32E69}.Release|Any CPU.Build.0 = Release|Any CPU
		{B627E4B1-0791-41E9-9BCE-4CA6D69375B8}.Debug|Any CPU.ActiveCfg = Debug|Any CPU
		{B627E4B1-0791-41E9-9BCE-4CA6D69375B8}.Debug|Any CPU.Build.0 = Debug|Any CPU
		{B627E4B1-0791-41E9-9BCE-4CA6D69375B8}.Release|Any CPU.ActiveCfg = Release|Any CPU
		{B627E4B1-0791-41E9-9BCE-4CA6D69375B8}.Release|Any CPU.Build.0 = Release|Any CPU
	EndGlobalSection
	GlobalSection(SolutionProperties) = preSolution
		HideSolutionNode = FALSE
	EndGlobalSection
	GlobalSection(ExtensibilityGlobals) = postSolution
		SolutionGuid = {0D3C3D35-3B8E-40C9-9BB6-3F917A1FA091}
	EndGlobalSection
EndGlobal
